
Microsoft Visual Studio Solution File, Format Version 12.00
# Visual Studio Version 16
VisualStudioVersion = 16.0.31402.337
MinimumVisualStudioVersion = 10.0.40219.1
Project("{FAE04EC0-301F-11D3-BF4B-00C04F79EFBC}") = "OkulSistemiFinal", "OkulSistemiFinal.csproj", "{13A03AB7-C983-46BE-9E12-FD10911CAA5D}"
EndProject
Global
	GlobalSection(SolutionConfigurationPlatforms) = preSolution
		Debug|Any CPU = Debug|Any CPU
		Release|Any CPU = Release|Any CPU
	EndGlobalSection
	GlobalSection(ProjectConfigurationPlatforms) = postSolution
		{13A03AB7-C983-46BE-9E12-FD10911CAA5D}.Debug|Any CPU.ActiveCfg = Debug|Any CPU
		{13A03AB7-C983-46BE-9E12-FD10911CAA5D}.Debug|Any CPU.Build.0 = Debug|Any CPU
		{13A03AB7-C983-46BE-9E12-FD10911CAA5D}.Release|Any CPU.ActiveCfg = Release|Any CPU
		{13A03AB7-C983-46BE-9E12-FD10911CAA5D}.Release|Any CPU.Build.0 = Release|Any CPU
	EndGlobalSection
	GlobalSection(SolutionProperties) = preSolution
		HideSolutionNode = FALSE
	EndGlobalSection
	GlobalSection(ExtensibilityGlobals) = postSolution
		SolutionGuid = {A23D07EC-CD42-48FB-A3FA-59F76CFB135A}
	EndGlobalSection
EndGlobal
